// !$*UTF8*$!
{
	archiveVersion = 1;
	classes = {
	};
	objectVersion = 51;
	objects = {

/* Begin PBXBuildFile section */
		49627F4ADFFBA18097BE923C /* Pods_AppRTCDemo.framework in Frameworks */ = {isa = PBXBuildFile; fileRef = 5A00FE75BA9AC87F8D4F3E8D /* Pods_AppRTCDemo.framework */; };
		BE302EDF25A3450C00A744C1 /* AppDelegate.swift in Sources */ = {isa = PBXBuildFile; fileRef = BE302EDE25A3450C00A744C1 /* AppDelegate.swift */; };
		BE302EE325A3450C00A744C1 /* AKMainViewController.swift in Sources */ = {isa = PBXBuildFile; fileRef = BE302EE225A3450C00A744C1 /* AKMainViewController.swift */; };
		BE302EE625A3450C00A744C1 /* Main.storyboard in Resources */ = {isa = PBXBuildFile; fileRef = BE302EE425A3450C00A744C1 /* Main.storyboard */; };
		BE302EE825A3450D00A744C1 /* Assets.xcassets in Resources */ = {isa = PBXBuildFile; fileRef = BE302EE725A3450D00A744C1 /* Assets.xcassets */; };
		BE302EEB25A3450D00A744C1 /* LaunchScreen.storyboard in Resources */ = {isa = PBXBuildFile; fileRef = BE302EE925A3450D00A744C1 /* LaunchScreen.storyboard */; };
		BE302EFF25AA195100A744C1 /* AKVideoChatViewController.swift in Sources */ = {isa = PBXBuildFile; fileRef = BE302EFE25AA195100A744C1 /* AKVideoChatViewController.swift */; };
		BE302F7825AAD9A700A744C1 /* RTCIceCandidate+JSON.m in Sources */ = {isa = PBXBuildFile; fileRef = BE302F4F25AAD9A500A744C1 /* RTCIceCandidate+JSON.m */; };
		BE302F7925AAD9A700A744C1 /* ARDSettingsModel.m in Sources */ = {isa = PBXBuildFile; fileRef = BE302F5025AAD9A500A744C1 /* ARDSettingsModel.m */; };
		BE302F7A25AAD9A700A744C1 /* ARDAppClient.m in Sources */ = {isa = PBXBuildFile; fileRef = BE302F5425AAD9A600A744C1 /* ARDAppClient.m */; };
		BE302F7B25AAD9A700A744C1 /* ARDJoinResponse.m in Sources */ = {isa = PBXBuildFile; fileRef = BE302F5625AAD9A600A744C1 /* ARDJoinResponse.m */; };
		BE302F7C25AAD9A700A744C1 /* ARDStatsBuilder.m in Sources */ = {isa = PBXBuildFile; fileRef = BE302F5A25AAD9A600A744C1 /* ARDStatsBuilder.m */; };
		BE302F7D25AAD9A700A744C1 /* ARDBitrateTracker.m in Sources */ = {isa = PBXBuildFile; fileRef = BE302F5B25AAD9A600A744C1 /* ARDBitrateTracker.m */; };
		BE302F7E25AAD9A700A744C1 /* ARDSettingsStore.m in Sources */ = {isa = PBXBuildFile; fileRef = BE302F5F25AAD9A600A744C1 /* ARDSettingsStore.m */; };
		BE302F7F25AAD9A700A744C1 /* ARDCaptureController.m in Sources */ = {isa = PBXBuildFile; fileRef = BE302F6025AAD9A600A744C1 /* ARDCaptureController.m */; };
		BE302F8025AAD9A700A744C1 /* ARDExternalSampleCapturer.m in Sources */ = {isa = PBXBuildFile; fileRef = BE302F6225AAD9A600A744C1 /* ARDExternalSampleCapturer.m */; };
		BE302F8125AAD9A700A744C1 /* ARDMessageResponse.m in Sources */ = {isa = PBXBuildFile; fileRef = BE302F6725AAD9A600A744C1 /* ARDMessageResponse.m */; };
		BE302F8225AAD9A700A744C1 /* ARDSignalingMessage.m in Sources */ = {isa = PBXBuildFile; fileRef = BE302F6825AAD9A600A744C1 /* ARDSignalingMessage.m */; };
		BE302F8325AAD9A700A744C1 /* ARDTURNClient.m in Sources */ = {isa = PBXBuildFile; fileRef = BE302F6925AAD9A700A744C1 /* ARDTURNClient.m */; };
		BE302F8425AAD9A700A744C1 /* ARDWebSocketChannel.m in Sources */ = {isa = PBXBuildFile; fileRef = BE302F6A25AAD9A700A744C1 /* ARDWebSocketChannel.m */; };
		BE302F8525AAD9A700A744C1 /* ARDAppEngineClient.m in Sources */ = {isa = PBXBuildFile; fileRef = BE302F6B25AAD9A700A744C1 /* ARDAppEngineClient.m */; };
		BE302F8625AAD9A700A744C1 /* RTCIceServer+JSON.m in Sources */ = {isa = PBXBuildFile; fileRef = BE302F6C25AAD9A700A744C1 /* RTCIceServer+JSON.m */; };
		BE302F8725AAD9A700A744C1 /* RTCSessionDescription+JSON.m in Sources */ = {isa = PBXBuildFile; fileRef = BE302F6E25AAD9A700A744C1 /* RTCSessionDescription+JSON.m */; };
		BE302F8825AAD9A700A744C1 /* ARDUtilities.m in Sources */ = {isa = PBXBuildFile; fileRef = BE302F7425AAD9A700A744C1 /* ARDUtilities.m */; };
/* End PBXBuildFile section */

/* Begin PBXFileReference section */
		5A00FE75BA9AC87F8D4F3E8D /* Pods_AppRTCDemo.framework */ = {isa = PBXFileReference; explicitFileType = wrapper.framework; includeInIndex = 0; path = Pods_AppRTCDemo.framework; sourceTree = BUILT_PRODUCTS_DIR; };
		B1D54B5F1370E2BE0ABDCADC /* Pods-AppRTCDemo.release.xcconfig */ = {isa = PBXFileReference; includeInIndex = 1; lastKnownFileType = text.xcconfig; name = "Pods-AppRTCDemo.release.xcconfig"; path = "Target Support Files/Pods-AppRTCDemo/Pods-AppRTCDemo.release.xcconfig"; sourceTree = "<group>"; };
		B9168690CE1AF2496F6995C4 /* Pods-AppRTCDemo.debug.xcconfig */ = {isa = PBXFileReference; includeInIndex = 1; lastKnownFileType = text.xcconfig; name = "Pods-AppRTCDemo.debug.xcconfig"; path = "Target Support Files/Pods-AppRTCDemo/Pods-AppRTCDemo.debug.xcconfig"; sourceTree = "<group>"; };
		BE302EDB25A3450C00A744C1 /* AppRTCDemo.app */ = {isa = PBXFileReference; explicitFileType = wrapper.application; includeInIndex = 0; path = AppRTCDemo.app; sourceTree = BUILT_PRODUCTS_DIR; };
		BE302EDE25A3450C00A744C1 /* AppDelegate.swift */ = {isa = PBXFileReference; lastKnownFileType = sourcecode.swift; path = AppDelegate.swift; sourceTree = "<group>"; };
		BE302EE225A3450C00A744C1 /* AKMainViewController.swift */ = {isa = PBXFileReference; lastKnownFileType = sourcecode.swift; path = AKMainViewController.swift; sourceTree = "<group>"; };
		BE302EE525A3450C00A744C1 /* Base */ = {isa = PBXFileReference; lastKnownFileType = file.storyboard; name = Base; path = Base.lproj/Main.storyboard; sourceTree = "<group>"; };
		BE302EE725A3450D00A744C1 /* Assets.xcassets */ = {isa = PBXFileReference; lastKnownFileType = folder.assetcatalog; path = Assets.xcassets; sourceTree = "<group>"; };
		BE302EEA25A3450D00A744C1 /* Base */ = {isa = PBXFileReference; lastKnownFileType = file.storyboard; name = Base; path = Base.lproj/LaunchScreen.storyboard; sourceTree = "<group>"; };
		BE302EEC25A3450D00A744C1 /* Info.plist */ = {isa = PBXFileReference; lastKnownFileType = text.plist.xml; path = Info.plist; sourceTree = "<group>"; };
		BE302EFE25AA195100A744C1 /* AKVideoChatViewController.swift */ = {isa = PBXFileReference; lastKnownFileType = sourcecode.swift; path = AKVideoChatViewController.swift; sourceTree = "<group>"; };
		BE302F4D25AAD9A500A744C1 /* AppRTCDemo-Bridging-Header.h */ = {isa = PBXFileReference; lastKnownFileType = sourcecode.c.h; path = "AppRTCDemo-Bridging-Header.h"; sourceTree = "<group>"; };
		BE302F4E25AAD9A500A744C1 /* ARDSettingsStore.h */ = {isa = PBXFileReference; fileEncoding = 4; lastKnownFileType = sourcecode.c.h; path = ARDSettingsStore.h; sourceTree = "<group>"; };
		BE302F4F25AAD9A500A744C1 /* RTCIceCandidate+JSON.m */ = {isa = PBXFileReference; fileEncoding = 4; lastKnownFileType = sourcecode.c.objc; path = "RTCIceCandidate+JSON.m"; sourceTree = "<group>"; };
		BE302F5025AAD9A500A744C1 /* ARDSettingsModel.m */ = {isa = PBXFileReference; fileEncoding = 4; lastKnownFileType = sourcecode.c.objc; path = ARDSettingsModel.m; sourceTree = "<group>"; };
		BE302F5125AAD9A600A744C1 /* ARDTURNClient+Internal.h */ = {isa = PBXFileReference; fileEncoding = 4; lastKnownFileType = sourcecode.c.h; path = "ARDTURNClient+Internal.h"; sourceTree = "<group>"; };
		BE302F5225AAD9A600A744C1 /* ARDSettingsModel+Private.h */ = {isa = PBXFileReference; fileEncoding = 4; lastKnownFileType = sourcecode.c.h; path = "ARDSettingsModel+Private.h"; sourceTree = "<group>"; };
		BE302F5325AAD9A600A744C1 /* ARDTURNClient.h */ = {isa = PBXFileReference; fileEncoding = 4; lastKnownFileType = sourcecode.c.h; path = ARDTURNClient.h; sourceTree = "<group>"; };
		BE302F5425AAD9A600A744C1 /* ARDAppClient.m */ = {isa = PBXFileReference; fileEncoding = 4; lastKnownFileType = sourcecode.c.objc; path = ARDAppClient.m; sourceTree = "<group>"; };
		BE302F5525AAD9A600A744C1 /* ARDAppEngineClient.h */ = {isa = PBXFileReference; fileEncoding = 4; lastKnownFileType = sourcecode.c.h; path = ARDAppEngineClient.h; sourceTree = "<group>"; };
		BE302F5625AAD9A600A744C1 /* ARDJoinResponse.m */ = {isa = PBXFileReference; fileEncoding = 4; lastKnownFileType = sourcecode.c.objc; path = ARDJoinResponse.m; sourceTree = "<group>"; };
		BE302F5725AAD9A600A744C1 /* ARDRoomServerClient.h */ = {isa = PBXFileReference; fileEncoding = 4; lastKnownFileType = sourcecode.c.h; path = ARDRoomServerClient.h; sourceTree = "<group>"; };
		BE302F5825AAD9A600A744C1 /* ARDExternalSampleCapturer.h */ = {isa = PBXFileReference; fileEncoding = 4; lastKnownFileType = sourcecode.c.h; path = ARDExternalSampleCapturer.h; sourceTree = "<group>"; };
		BE302F5925AAD9A600A744C1 /* ARDSignalingChannel.h */ = {isa = PBXFileReference; fileEncoding = 4; lastKnownFileType = sourcecode.c.h; path = ARDSignalingChannel.h; sourceTree = "<group>"; };
		BE302F5A25AAD9A600A744C1 /* ARDStatsBuilder.m */ = {isa = PBXFileReference; fileEncoding = 4; lastKnownFileType = sourcecode.c.objc; path = ARDStatsBuilder.m; sourceTree = "<group>"; };
		BE302F5B25AAD9A600A744C1 /* ARDBitrateTracker.m */ = {isa = PBXFileReference; fileEncoding = 4; lastKnownFileType = sourcecode.c.objc; path = ARDBitrateTracker.m; sourceTree = "<group>"; };
		BE302F5C25AAD9A600A744C1 /* RTCIceServer+JSON.h */ = {isa = PBXFileReference; fileEncoding = 4; lastKnownFileType = sourcecode.c.h; path = "RTCIceServer+JSON.h"; sourceTree = "<group>"; };
		BE302F5D25AAD9A600A744C1 /* ARDJoinResponse+Internal.h */ = {isa = PBXFileReference; fileEncoding = 4; lastKnownFileType = sourcecode.c.h; path = "ARDJoinResponse+Internal.h"; sourceTree = "<group>"; };
		BE302F5E25AAD9A600A744C1 /* RTCIceCandidate+JSON.h */ = {isa = PBXFileReference; fileEncoding = 4; lastKnownFileType = sourcecode.c.h; path = "RTCIceCandidate+JSON.h"; sourceTree = "<group>"; };
		BE302F5F25AAD9A600A744C1 /* ARDSettingsStore.m */ = {isa = PBXFileReference; fileEncoding = 4; lastKnownFileType = sourcecode.c.objc; path = ARDSettingsStore.m; sourceTree = "<group>"; };
		BE302F6025AAD9A600A744C1 /* ARDCaptureController.m */ = {isa = PBXFileReference; fileEncoding = 4; lastKnownFileType = sourcecode.c.objc; path = ARDCaptureController.m; sourceTree = "<group>"; };
		BE302F6125AAD9A600A744C1 /* ARDSignalingMessage.h */ = {isa = PBXFileReference; fileEncoding = 4; lastKnownFileType = sourcecode.c.h; path = ARDSignalingMessage.h; sourceTree = "<group>"; };
		BE302F6225AAD9A600A744C1 /* ARDExternalSampleCapturer.m */ = {isa = PBXFileReference; fileEncoding = 4; lastKnownFileType = sourcecode.c.objc; path = ARDExternalSampleCapturer.m; sourceTree = "<group>"; };
		BE302F6325AAD9A600A744C1 /* ARDAppClient.h */ = {isa = PBXFileReference; fileEncoding = 4; lastKnownFileType = sourcecode.c.h; path = ARDAppClient.h; sourceTree = "<group>"; };
		BE302F6425AAD9A600A744C1 /* ARDMessageResponse.h */ = {isa = PBXFileReference; fileEncoding = 4; lastKnownFileType = sourcecode.c.h; path = ARDMessageResponse.h; sourceTree = "<group>"; };
		BE302F6525AAD9A600A744C1 /* ARDSettingsModel.h */ = {isa = PBXFileReference; fileEncoding = 4; lastKnownFileType = sourcecode.c.h; path = ARDSettingsModel.h; sourceTree = "<group>"; };
		BE302F6625AAD9A600A744C1 /* ARDBitrateTracker.h */ = {isa = PBXFileReference; fileEncoding = 4; lastKnownFileType = sourcecode.c.h; path = ARDBitrateTracker.h; sourceTree = "<group>"; };
		BE302F6725AAD9A600A744C1 /* ARDMessageResponse.m */ = {isa = PBXFileReference; fileEncoding = 4; lastKnownFileType = sourcecode.c.objc; path = ARDMessageResponse.m; sourceTree = "<group>"; };
		BE302F6825AAD9A600A744C1 /* ARDSignalingMessage.m */ = {isa = PBXFileReference; fileEncoding = 4; lastKnownFileType = sourcecode.c.objc; path = ARDSignalingMessage.m; sourceTree = "<group>"; };
		BE302F6925AAD9A700A744C1 /* ARDTURNClient.m */ = {isa = PBXFileReference; fileEncoding = 4; lastKnownFileType = sourcecode.c.objc; path = ARDTURNClient.m; sourceTree = "<group>"; };
		BE302F6A25AAD9A700A744C1 /* ARDWebSocketChannel.m */ = {isa = PBXFileReference; fileEncoding = 4; lastKnownFileType = sourcecode.c.objc; path = ARDWebSocketChannel.m; sourceTree = "<group>"; };
		BE302F6B25AAD9A700A744C1 /* ARDAppEngineClient.m */ = {isa = PBXFileReference; fileEncoding = 4; lastKnownFileType = sourcecode.c.objc; path = ARDAppEngineClient.m; sourceTree = "<group>"; };
		BE302F6C25AAD9A700A744C1 /* RTCIceServer+JSON.m */ = {isa = PBXFileReference; fileEncoding = 4; lastKnownFileType = sourcecode.c.objc; path = "RTCIceServer+JSON.m"; sourceTree = "<group>"; };
		BE302F6D25AAD9A700A744C1 /* ARDJoinResponse.h */ = {isa = PBXFileReference; fileEncoding = 4; lastKnownFileType = sourcecode.c.h; path = ARDJoinResponse.h; sourceTree = "<group>"; };
		BE302F6E25AAD9A700A744C1 /* RTCSessionDescription+JSON.m */ = {isa = PBXFileReference; fileEncoding = 4; lastKnownFileType = sourcecode.c.objc; path = "RTCSessionDescription+JSON.m"; sourceTree = "<group>"; };
		BE302F6F25AAD9A700A744C1 /* ARDStatsBuilder.h */ = {isa = PBXFileReference; fileEncoding = 4; lastKnownFileType = sourcecode.c.h; path = ARDStatsBuilder.h; sourceTree = "<group>"; };
		BE302F7025AAD9A700A744C1 /* ARDMessageResponse+Internal.h */ = {isa = PBXFileReference; fileEncoding = 4; lastKnownFileType = sourcecode.c.h; path = "ARDMessageResponse+Internal.h"; sourceTree = "<group>"; };
		BE302F7125AAD9A700A744C1 /* ARDWebSocketChannel.h */ = {isa = PBXFileReference; fileEncoding = 4; lastKnownFileType = sourcecode.c.h; path = ARDWebSocketChannel.h; sourceTree = "<group>"; };
		BE302F7225AAD9A700A744C1 /* ARDAppClient+Internal.h */ = {isa = PBXFileReference; fileEncoding = 4; lastKnownFileType = sourcecode.c.h; path = "ARDAppClient+Internal.h"; sourceTree = "<group>"; };
		BE302F7425AAD9A700A744C1 /* ARDUtilities.m */ = {isa = PBXFileReference; fileEncoding = 4; lastKnownFileType = sourcecode.c.objc; path = ARDUtilities.m; sourceTree = "<group>"; };
		BE302F7525AAD9A700A744C1 /* ARDUtilities.h */ = {isa = PBXFileReference; fileEncoding = 4; lastKnownFileType = sourcecode.c.h; path = ARDUtilities.h; sourceTree = "<group>"; };
		BE302F7625AAD9A700A744C1 /* RTCSessionDescription+JSON.h */ = {isa = PBXFileReference; fileEncoding = 4; lastKnownFileType = sourcecode.c.h; path = "RTCSessionDescription+JSON.h"; sourceTree = "<group>"; };
		BE302F7725AAD9A700A744C1 /* ARDCaptureController.h */ = {isa = PBXFileReference; fileEncoding = 4; lastKnownFileType = sourcecode.c.h; path = ARDCaptureController.h; sourceTree = "<group>"; };
/* End PBXFileReference section */

/* Begin PBXFrameworksBuildPhase section */
		BE302ED825A3450C00A744C1 /* Frameworks */ = {
			isa = PBXFrameworksBuildPhase;
			buildActionMask = 2147483647;
			files = (
				49627F4ADFFBA18097BE923C /* Pods_AppRTCDemo.framework in Frameworks */,
			);
			runOnlyForDeploymentPostprocessing = 0;
		};
/* End PBXFrameworksBuildPhase section */

/* Begin PBXGroup section */
		1402DDFA88BBF31E0BD73FE5 /* Frameworks */ = {
			isa = PBXGroup;
			children = (
				5A00FE75BA9AC87F8D4F3E8D /* Pods_AppRTCDemo.framework */,
			);
			name = Frameworks;
			sourceTree = "<group>";
		};
		4854BAD6D95590E8954BBDBF /* Pods */ = {
			isa = PBXGroup;
			children = (
				B9168690CE1AF2496F6995C4 /* Pods-AppRTCDemo.debug.xcconfig */,
				B1D54B5F1370E2BE0ABDCADC /* Pods-AppRTCDemo.release.xcconfig */,
			);
			path = Pods;
			sourceTree = "<group>";
		};
		BE302ED225A3450C00A744C1 = {
			isa = PBXGroup;
			children = (
				BE302EDD25A3450C00A744C1 /* AppRTCDemo */,
				BE302EDC25A3450C00A744C1 /* Products */,
				4854BAD6D95590E8954BBDBF /* Pods */,
				1402DDFA88BBF31E0BD73FE5 /* Frameworks */,
			);
			sourceTree = "<group>";
		};
		BE302EDC25A3450C00A744C1 /* Products */ = {
			isa = PBXGroup;
			children = (
				BE302EDB25A3450C00A744C1 /* AppRTCDemo.app */,
			);
			name = Products;
			sourceTree = "<group>";
		};
		BE302EDD25A3450C00A744C1 /* AppRTCDemo */ = {
			isa = PBXGroup;
			children = (
				BE302F0D25AABDDB00A744C1 /* AppRTCMobile */,
				BE302EF425AA0FDF00A744C1 /* Controller */,
				BE302EF325AA0FA100A744C1 /* App */,
			);
			path = AppRTCDemo;
			sourceTree = "<group>";
		};
		BE302EF325AA0FA100A744C1 /* App */ = {
			isa = PBXGroup;
			children = (
				BE302EDE25A3450C00A744C1 /* AppDelegate.swift */,
				BE302EE425A3450C00A744C1 /* Main.storyboard */,
				BE302EE725A3450D00A744C1 /* Assets.xcassets */,
				BE302EE925A3450D00A744C1 /* LaunchScreen.storyboard */,
				BE302EEC25A3450D00A744C1 /* Info.plist */,
			);
			path = App;
			sourceTree = "<group>";
		};
		BE302EF425AA0FDF00A744C1 /* Controller */ = {
			isa = PBXGroup;
			children = (
				BE302EE225A3450C00A744C1 /* AKMainViewController.swift */,
				BE302EFE25AA195100A744C1 /* AKVideoChatViewController.swift */,
			);
			path = Controller;
			sourceTree = "<group>";
		};
		BE302F0D25AABDDB00A744C1 /* AppRTCMobile */ = {
			isa = PBXGroup;
			children = (
				BE302F4D25AAD9A500A744C1 /* AppRTCDemo-Bridging-Header.h */,
				BE302F6325AAD9A600A744C1 /* ARDAppClient.h */,
				BE302F5425AAD9A600A744C1 /* ARDAppClient.m */,
				BE302F7225AAD9A700A744C1 /* ARDAppClient+Internal.h */,
				BE302F5525AAD9A600A744C1 /* ARDAppEngineClient.h */,
				BE302F6B25AAD9A700A744C1 /* ARDAppEngineClient.m */,
				BE302F6625AAD9A600A744C1 /* ARDBitrateTracker.h */,
				BE302F5B25AAD9A600A744C1 /* ARDBitrateTracker.m */,
				BE302F7725AAD9A700A744C1 /* ARDCaptureController.h */,
				BE302F6025AAD9A600A744C1 /* ARDCaptureController.m */,
				BE302F5825AAD9A600A744C1 /* ARDExternalSampleCapturer.h */,
				BE302F6225AAD9A600A744C1 /* ARDExternalSampleCapturer.m */,
				BE302F6D25AAD9A700A744C1 /* ARDJoinResponse.h */,
				BE302F5625AAD9A600A744C1 /* ARDJoinResponse.m */,
				BE302F5D25AAD9A600A744C1 /* ARDJoinResponse+Internal.h */,
				BE302F6425AAD9A600A744C1 /* ARDMessageResponse.h */,
				BE302F6725AAD9A600A744C1 /* ARDMessageResponse.m */,
				BE302F7025AAD9A700A744C1 /* ARDMessageResponse+Internal.h */,
				BE302F5725AAD9A600A744C1 /* ARDRoomServerClient.h */,
				BE302F6525AAD9A600A744C1 /* ARDSettingsModel.h */,
				BE302F5025AAD9A500A744C1 /* ARDSettingsModel.m */,
				BE302F5225AAD9A600A744C1 /* ARDSettingsModel+Private.h */,
				BE302F4E25AAD9A500A744C1 /* ARDSettingsStore.h */,
				BE302F5F25AAD9A600A744C1 /* ARDSettingsStore.m */,
				BE302F5925AAD9A600A744C1 /* ARDSignalingChannel.h */,
				BE302F6125AAD9A600A744C1 /* ARDSignalingMessage.h */,
				BE302F6825AAD9A600A744C1 /* ARDSignalingMessage.m */,
				BE302F6F25AAD9A700A744C1 /* ARDStatsBuilder.h */,
				BE302F5A25AAD9A600A744C1 /* ARDStatsBuilder.m */,
				BE302F5325AAD9A600A744C1 /* ARDTURNClient.h */,
				BE302F6925AAD9A700A744C1 /* ARDTURNClient.m */,
				BE302F5125AAD9A600A744C1 /* ARDTURNClient+Internal.h */,
				BE302F7125AAD9A700A744C1 /* ARDWebSocketChannel.h */,
				BE302F6A25AAD9A700A744C1 /* ARDWebSocketChannel.m */,
				BE302F7325AAD9A700A744C1 /* common */,
				BE302F5E25AAD9A600A744C1 /* RTCIceCandidate+JSON.h */,
				BE302F4F25AAD9A500A744C1 /* RTCIceCandidate+JSON.m */,
				BE302F5C25AAD9A600A744C1 /* RTCIceServer+JSON.h */,
				BE302F6C25AAD9A700A744C1 /* RTCIceServer+JSON.m */,
				BE302F7625AAD9A700A744C1 /* RTCSessionDescription+JSON.h */,
				BE302F6E25AAD9A700A744C1 /* RTCSessionDescription+JSON.m */,
			);
			path = AppRTCMobile;
			sourceTree = "<group>";
		};
		BE302F7325AAD9A700A744C1 /* common */ = {
			isa = PBXGroup;
			children = (
				BE302F7425AAD9A700A744C1 /* ARDUtilities.m */,
				BE302F7525AAD9A700A744C1 /* ARDUtilities.h */,
			);
			path = common;
			sourceTree = "<group>";
		};
/* End PBXGroup section */

/* Begin PBXNativeTarget section */
		BE302EDA25A3450C00A744C1 /* AppRTCDemo */ = {
			isa = PBXNativeTarget;
			buildConfigurationList = BE302EEF25A3450D00A744C1 /* Build configuration list for PBXNativeTarget "AppRTCDemo" */;
			buildPhases = (
				7396453783273EFF599665FA /* [CP] Check Pods Manifest.lock */,
				BE302ED725A3450C00A744C1 /* Sources */,
				BE302ED825A3450C00A744C1 /* Frameworks */,
				BE302ED925A3450C00A744C1 /* Resources */,
				7C3B025C9618C2849D8551EC /* [CP] Embed Pods Frameworks */,
			);
			buildRules = (
			);
			dependencies = (
			);
			name = AppRTCDemo;
			productName = AppRTCDemo;
			productReference = BE302EDB25A3450C00A744C1 /* AppRTCDemo.app */;
			productType = "com.apple.product-type.application";
		};
/* End PBXNativeTarget section */

/* Begin PBXProject section */
		BE302ED325A3450C00A744C1 /* Project object */ = {
			isa = PBXProject;
			attributes = {
				CLASSPREFIX = AK;
				LastSwiftUpdateCheck = 1200;
				LastUpgradeCheck = 1200;
				TargetAttributes = {
					BE302EDA25A3450C00A744C1 = {
						CreatedOnToolsVersion = 12.0.1;
						LastSwiftMigration = 1200;
					};
				};
			};
			buildConfigurationList = BE302ED625A3450C00A744C1 /* Build configuration list for PBXProject "AppRTCDemo" */;
			compatibilityVersion = "Xcode 9.3";
			developmentRegion = en;
			hasScannedForEncodings = 0;
			knownRegions = (
				en,
				Base,
			);
			mainGroup = BE302ED225A3450C00A744C1;
			productRefGroup = BE302EDC25A3450C00A744C1 /* Products */;
			projectDirPath = "";
			projectRoot = "";
			targets = (
				BE302EDA25A3450C00A744C1 /* AppRTCDemo */,
			);
		};
/* End PBXProject section */

/* Begin PBXResourcesBuildPhase section */
		BE302ED925A3450C00A744C1 /* Resources */ = {
			isa = PBXResourcesBuildPhase;
			buildActionMask = 2147483647;
			files = (
				BE302EEB25A3450D00A744C1 /* LaunchScreen.storyboard in Resources */,
				BE302EE825A3450D00A744C1 /* Assets.xcassets in Resources */,
				BE302EE625A3450C00A744C1 /* Main.storyboard in Resources */,
			);
			runOnlyForDeploymentPostprocessing = 0;
		};
/* End PBXResourcesBuildPhase section */

/* Begin PBXShellScriptBuildPhase section */
		7396453783273EFF599665FA /* [CP] Check Pods Manifest.lock */ = {
			isa = PBXShellScriptBuildPhase;
			buildActionMask = 2147483647;
			files = (
			);
			inputFileListPaths = (
			);
			inputPaths = (
				"${PODS_PODFILE_DIR_PATH}/Podfile.lock",
				"${PODS_ROOT}/Manifest.lock",
			);
			name = "[CP] Check Pods Manifest.lock";
			outputFileListPaths = (
			);
			outputPaths = (
				"$(DERIVED_FILE_DIR)/Pods-AppRTCDemo-checkManifestLockResult.txt",
			);
			runOnlyForDeploymentPostprocessing = 0;
			shellPath = /bin/sh;
			shellScript = "diff \"${PODS_PODFILE_DIR_PATH}/Podfile.lock\" \"${PODS_ROOT}/Manifest.lock\" > /dev/null\nif [ $? != 0 ] ; then\n    # print error to STDERR\n    echo \"error: The sandbox is not in sync with the Podfile.lock. Run 'pod install' or update your CocoaPods installation.\" >&2\n    exit 1\nfi\n# This output is used by Xcode 'outputs' to avoid re-running this script phase.\necho \"SUCCESS\" > \"${SCRIPT_OUTPUT_FILE_0}\"\n";
			showEnvVarsInLog = 0;
		};
		7C3B025C9618C2849D8551EC /* [CP] Embed Pods Frameworks */ = {
			isa = PBXShellScriptBuildPhase;
			buildActionMask = 2147483647;
			files = (
			);
			inputFileListPaths = (
				"${PODS_ROOT}/Target Support Files/Pods-AppRTCDemo/Pods-AppRTCDemo-frameworks-${CONFIGURATION}-input-files.xcfilelist",
			);
			name = "[CP] Embed Pods Frameworks";
			outputFileListPaths = (
				"${PODS_ROOT}/Target Support Files/Pods-AppRTCDemo/Pods-AppRTCDemo-frameworks-${CONFIGURATION}-output-files.xcfilelist",
			);
			runOnlyForDeploymentPostprocessing = 0;
			shellPath = /bin/sh;
			shellScript = "\"${PODS_ROOT}/Target Support Files/Pods-AppRTCDemo/Pods-AppRTCDemo-frameworks.sh\"\n";
			showEnvVarsInLog = 0;
		};
/* End PBXShellScriptBuildPhase section */

/* Begin PBXSourcesBuildPhase section */
		BE302ED725A3450C00A744C1 /* Sources */ = {
			isa = PBXSourcesBuildPhase;
			buildActionMask = 2147483647;
			files = (
				BE302F7A25AAD9A700A744C1 /* ARDAppClient.m in Sources */,
				BE302F7C25AAD9A700A744C1 /* ARDStatsBuilder.m in Sources */,
				BE302F8225AAD9A700A744C1 /* ARDSignalingMessage.m in Sources */,
				BE302F7D25AAD9A700A744C1 /* ARDBitrateTracker.m in Sources */,
				BE302F7F25AAD9A700A744C1 /* ARDCaptureController.m in Sources */,
				BE302EFF25AA195100A744C1 /* AKVideoChatViewController.swift in Sources */,
				BE302F7825AAD9A700A744C1 /* RTCIceCandidate+JSON.m in Sources */,
				BE302F8425AAD9A700A744C1 /* ARDWebSocketChannel.m in Sources */,
				BE302F8525AAD9A700A744C1 /* ARDAppEngineClient.m in Sources */,
				BE302F7B25AAD9A700A744C1 /* ARDJoinResponse.m in Sources */,
				BE302F8725AAD9A700A744C1 /* RTCSessionDescription+JSON.m in Sources */,
				BE302EE325A3450C00A744C1 /* AKMainViewController.swift in Sources */,
				BE302F8825AAD9A700A744C1 /* ARDUtilities.m in Sources */,
				BE302F8025AAD9A700A744C1 /* ARDExternalSampleCapturer.m in Sources */,
				BE302F7925AAD9A700A744C1 /* ARDSettingsModel.m in Sources */,
				BE302F8125AAD9A700A744C1 /* ARDMessageResponse.m in Sources */,
				BE302F8325AAD9A700A744C1 /* ARDTURNClient.m in Sources */,
				BE302F7E25AAD9A700A744C1 /* ARDSettingsStore.m in Sources */,
				BE302F8625AAD9A700A744C1 /* RTCIceServer+JSON.m in Sources */,
				BE302EDF25A3450C00A744C1 /* AppDelegate.swift in Sources */,
			);
			runOnlyForDeploymentPostprocessing = 0;
		};
/* End PBXSourcesBuildPhase section */

/* Begin PBXVariantGroup section */
		BE302EE425A3450C00A744C1 /* Main.storyboard */ = {
			isa = PBXVariantGroup;
			children = (
				BE302EE525A3450C00A744C1 /* Base */,
			);
			name = Main.storyboard;
			sourceTree = "<group>";
		};
		BE302EE925A3450D00A744C1 /* LaunchScreen.storyboard */ = {
			isa = PBXVariantGroup;
			children = (
				BE302EEA25A3450D00A744C1 /* Base */,
			);
			name = LaunchScreen.storyboard;
			sourceTree = "<group>";
		};
/* End PBXVariantGroup section */

/* Begin XCBuildConfiguration section */
		BE302EED25A3450D00A744C1 /* Debug */ = {
			isa = XCBuildConfiguration;
			buildSettings = {
				ALWAYS_SEARCH_USER_PATHS = NO;
				CLANG_ANALYZER_NONNULL = YES;
				CLANG_ANALYZER_NUMBER_OBJECT_CONVERSION = YES_AGGRESSIVE;
				CLANG_CXX_LANGUAGE_STANDARD = "gnu++14";
				CLANG_CXX_LIBRARY = "libc++";
				CLANG_ENABLE_MODULES = YES;
				CLANG_ENABLE_OBJC_ARC = YES;
				CLANG_ENABLE_OBJC_WEAK = YES;
				CLANG_WARN_BLOCK_CAPTURE_AUTORELEASING = YES;
				CLANG_WARN_BOOL_CONVERSION = YES;
				CLANG_WARN_COMMA = YES;
				CLANG_WARN_CONSTANT_CONVERSION = YES;
				CLANG_WARN_DEPRECATED_OBJC_IMPLEMENTATIONS = YES;
				CLANG_WARN_DIRECT_OBJC_ISA_USAGE = YES_ERROR;
				CLANG_WARN_DOCUMENTATION_COMMENTS = YES;
				CLANG_WARN_EMPTY_BODY = YES;
				CLANG_WARN_ENUM_CONVERSION = YES;
				CLANG_WARN_INFINITE_RECURSION = YES;
				CLANG_WARN_INT_CONVERSION = YES;
				CLANG_WARN_NON_LITERAL_NULL_CONVERSION = YES;
				CLANG_WARN_OBJC_IMPLICIT_RETAIN_SELF = YES;
				CLANG_WARN_OBJC_LITERAL_CONVERSION = YES;
				CLANG_WARN_OBJC_ROOT_CLASS = YES_ERROR;
				CLANG_WARN_QUOTED_INCLUDE_IN_FRAMEWORK_HEADER = YES;
				CLANG_WARN_RANGE_LOOP_ANALYSIS = YES;
				CLANG_WARN_STRICT_PROTOTYPES = YES;
				CLANG_WARN_SUSPICIOUS_MOVE = YES;
				CLANG_WARN_UNGUARDED_AVAILABILITY = YES_AGGRESSIVE;
				CLANG_WARN_UNREACHABLE_CODE = YES;
				CLANG_WARN__DUPLICATE_METHOD_MATCH = YES;
				COPY_PHASE_STRIP = NO;
				DEBUG_INFORMATION_FORMAT = dwarf;
				ENABLE_STRICT_OBJC_MSGSEND = YES;
				ENABLE_TESTABILITY = YES;
				GCC_C_LANGUAGE_STANDARD = gnu11;
				GCC_DYNAMIC_NO_PIC = NO;
				GCC_NO_COMMON_BLOCKS = YES;
				GCC_OPTIMIZATION_LEVEL = 0;
				GCC_PREPROCESSOR_DEFINITIONS = (
					"DEBUG=1",
					"$(inherited)",
				);
				GCC_WARN_64_TO_32_BIT_CONVERSION = YES;
				GCC_WARN_ABOUT_RETURN_TYPE = YES_ERROR;
				GCC_WARN_UNDECLARED_SELECTOR = YES;
				GCC_WARN_UNINITIALIZED_AUTOS = YES_AGGRESSIVE;
				GCC_WARN_UNUSED_FUNCTION = YES;
				GCC_WARN_UNUSED_VARIABLE = YES;
				IPHONEOS_DEPLOYMENT_TARGET = 14.0;
				MTL_ENABLE_DEBUG_INFO = INCLUDE_SOURCE;
				MTL_FAST_MATH = YES;
				ONLY_ACTIVE_ARCH = YES;
				SDKROOT = iphoneos;
				SWIFT_ACTIVE_COMPILATION_CONDITIONS = DEBUG;
				SWIFT_OPTIMIZATION_LEVEL = "-Onone";
			};
			name = Debug;
		};
		BE302EEE25A3450D00A744C1 /* Release */ = {
			isa = XCBuildConfiguration;
			buildSettings = {
				ALWAYS_SEARCH_USER_PATHS = NO;
				CLANG_ANALYZER_NONNULL = YES;
				CLANG_ANALYZER_NUMBER_OBJECT_CONVERSION = YES_AGGRESSIVE;
				CLANG_CXX_LANGUAGE_STANDARD = "gnu++14";
				CLANG_CXX_LIBRARY = "libc++";
				CLANG_ENABLE_MODULES = YES;
				CLANG_ENABLE_OBJC_ARC = YES;
				CLANG_ENABLE_OBJC_WEAK = YES;
				CLANG_WARN_BLOCK_CAPTURE_AUTORELEASING = YES;
				CLANG_WARN_BOOL_CONVERSION = YES;
				CLANG_WARN_COMMA = YES;
				CLANG_WARN_CONSTANT_CONVERSION = YES;
				CLANG_WARN_DEPRECATED_OBJC_IMPLEMENTATIONS = YES;
				CLANG_WARN_DIRECT_OBJC_ISA_USAGE = YES_ERROR;
				CLANG_WARN_DOCUMENTATION_COMMENTS = YES;
				CLANG_WARN_EMPTY_BODY = YES;
				CLANG_WARN_ENUM_CONVERSION = YES;
				CLANG_WARN_INFINITE_RECURSION = YES;
				CLANG_WARN_INT_CONVERSION = YES;
				CLANG_WARN_NON_LITERAL_NULL_CONVERSION = YES;
				CLANG_WARN_OBJC_IMPLICIT_RETAIN_SELF = YES;
				CLANG_WARN_OBJC_LITERAL_CONVERSION = YES;
				CLANG_WARN_OBJC_ROOT_CLASS = YES_ERROR;
				CLANG_WARN_QUOTED_INCLUDE_IN_FRAMEWORK_HEADER = YES;
				CLANG_WARN_RANGE_LOOP_ANALYSIS = YES;
				CLANG_WARN_STRICT_PROTOTYPES = YES;
				CLANG_WARN_SUSPICIOUS_MOVE = YES;
				CLANG_WARN_UNGUARDED_AVAILABILITY = YES_AGGRESSIVE;
				CLANG_WARN_UNREACHABLE_CODE = YES;
				CLANG_WARN__DUPLICATE_METHOD_MATCH = YES;
				COPY_PHASE_STRIP = NO;
				DEBUG_INFORMATION_FORMAT = "dwarf-with-dsym";
				ENABLE_NS_ASSERTIONS = NO;
				ENABLE_STRICT_OBJC_MSGSEND = YES;
				GCC_C_LANGUAGE_STANDARD = gnu11;
				GCC_NO_COMMON_BLOCKS = YES;
				GCC_WARN_64_TO_32_BIT_CONVERSION = YES;
				GCC_WARN_ABOUT_RETURN_TYPE = YES_ERROR;
				GCC_WARN_UNDECLARED_SELECTOR = YES;
				GCC_WARN_UNINITIALIZED_AUTOS = YES_AGGRESSIVE;
				GCC_WARN_UNUSED_FUNCTION = YES;
				GCC_WARN_UNUSED_VARIABLE = YES;
				IPHONEOS_DEPLOYMENT_TARGET = 14.0;
				MTL_ENABLE_DEBUG_INFO = NO;
				MTL_FAST_MATH = YES;
				SDKROOT = iphoneos;
				SWIFT_COMPILATION_MODE = wholemodule;
				SWIFT_OPTIMIZATION_LEVEL = "-O";
				VALIDATE_PRODUCT = YES;
			};
			name = Release;
		};
		BE302EF025A3450D00A744C1 /* Debug */ = {
			isa = XCBuildConfiguration;
			baseConfigurationReference = B9168690CE1AF2496F6995C4 /* Pods-AppRTCDemo.debug.xcconfig */;
			buildSettings = {
				ASSETCATALOG_COMPILER_APPICON_NAME = AppIcon;
				ASSETCATALOG_COMPILER_GLOBAL_ACCENT_COLOR_NAME = AccentColor;
				CLANG_ENABLE_MODULES = YES;
				CODE_SIGN_STYLE = Automatic;
				INFOPLIST_FILE = AppRTCDemo/App/Info.plist;
				LD_RUNPATH_SEARCH_PATHS = (
					"$(inherited)",
					"@executable_path/Frameworks",
				);
				PRODUCT_BUNDLE_IDENTIFIER = akanchi.AppRTCDemo;
				PRODUCT_NAME = "$(TARGET_NAME)";
				SWIFT_OBJC_BRIDGING_HEADER = "AppRTCDemo/AppRTCMobile/AppRTCDemo-Bridging-Header.h";
				SWIFT_OPTIMIZATION_LEVEL = "-Onone";
				SWIFT_VERSION = 5.0;
				TARGETED_DEVICE_FAMILY = "1,2";
			};
			name = Debug;
		};
		BE302EF125A3450D00A744C1 /* Release */ = {
			isa = XCBuildConfiguration;
			baseConfigurationReference = B1D54B5F1370E2BE0ABDCADC /* Pods-AppRTCDemo.release.xcconfig */;
			buildSettings = {
				ASSETCATALOG_COMPILER_APPICON_NAME = AppIcon;
				ASSETCATALOG_COMPILER_GLOBAL_ACCENT_COLOR_NAME = AccentColor;
				CLANG_ENABLE_MODULES = YES;
				CODE_SIGN_STYLE = Automatic;
				INFOPLIST_FILE = AppRTCDemo/App/Info.plist;
				LD_RUNPATH_SEARCH_PATHS = (
					"$(inherited)",
					"@executable_path/Frameworks",
				);
				PRODUCT_BUNDLE_IDENTIFIER = akanchi.AppRTCDemo;
				PRODUCT_NAME = "$(TARGET_NAME)";
				SWIFT_OBJC_BRIDGING_HEADER = "AppRTCDemo/AppRTCMobile/AppRTCDemo-Bridging-Header.h";
				SWIFT_VERSION = 5.0;
				TARGETED_DEVICE_FAMILY = "1,2";
			};
			name = Release;
		};
/* End XCBuildConfiguration section */

/* Begin XCConfigurationList section */
		BE302ED625A3450C00A744C1 /* Build configuration list for PBXProject "AppRTCDemo" */ = {
			isa = XCConfigurationList;
			buildConfigurations = (
				BE302EED25A3450D00A744C1 /* Debug */,
				BE302EEE25A3450D00A744C1 /* Release */,
			);
			defaultConfigurationIsVisible = 0;
			defaultConfigurationName = Release;
		};
		BE302EEF25A3450D00A744C1 /* Build configuration list for PBXNativeTarget "AppRTCDemo" */ = {
			isa = XCConfigurationList;
			buildConfigurations = (
				BE302EF025A3450D00A744C1 /* Debug */,
				BE302EF125A3450D00A744C1 /* Release */,
			);
			defaultConfigurationIsVisible = 0;
			defaultConfigurationName = Release;
		};
/* End XCConfigurationList section */
	};
	rootObject = BE302ED325A3450C00A744C1 /* Project object */;
}
